// !$*UTF8*$!
{
	archiveVersion = 1;
	classes = {
	};
	objectVersion = 46;
	objects = {

/* Begin PBXBuildFile section */
		F4B117661C7AAE6400839896 /* AppDelegate.swift in Sources */ = {isa = PBXBuildFile; fileRef = F4B117651C7AAE6400839896 /* AppDelegate.swift */; };
		F4B117681C7AAE6400839896 /* MapViewController.swift in Sources */ = {isa = PBXBuildFile; fileRef = F4B117671C7AAE6400839896 /* MapViewController.swift */; };
		F4B1176B1C7AAE6400839896 /* Main.storyboard in Resources */ = {isa = PBXBuildFile; fileRef = F4B117691C7AAE6400839896 /* Main.storyboard */; };
		F4B1176D1C7AAE6400839896 /* Assets.xcassets in Resources */ = {isa = PBXBuildFile; fileRef = F4B1176C1C7AAE6400839896 /* Assets.xcassets */; };
		F4B117701C7AAE6400839896 /* LaunchScreen.storyboard in Resources */ = {isa = PBXBuildFile; fileRef = F4B1176E1C7AAE6400839896 /* LaunchScreen.storyboard */; };
		F4B117781C7AAE7800839896 /* MapKit.framework in Frameworks */ = {isa = PBXBuildFile; fileRef = F4B117771C7AAE7800839896 /* MapKit.framework */; };
		F4B1177B1C7BA93C00839896 /* CoreDataStack.swift in Sources */ = {isa = PBXBuildFile; fileRef = F4B1177A1C7BA93C00839896 /* CoreDataStack.swift */; };
		F4B1177F1C7BAC4100839896 /* pinPhotos.xcdatamodeld in Sources */ = {isa = PBXBuildFile; fileRef = F4B1177D1C7BAC4100839896 /* pinPhotos.xcdatamodeld */; };
		F4B117841C7BD4DA00839896 /* Pin+CoreDataProperties.swift in Sources */ = {isa = PBXBuildFile; fileRef = F4B117801C7BD4DA00839896 /* Pin+CoreDataProperties.swift */; };
		F4B117851C7BD4DA00839896 /* Pin.swift in Sources */ = {isa = PBXBuildFile; fileRef = F4B117811C7BD4DA00839896 /* Pin.swift */; };
		F4B117861C7BD4DA00839896 /* Photo+CoreDataProperties.swift in Sources */ = {isa = PBXBuildFile; fileRef = F4B117821C7BD4DA00839896 /* Photo+CoreDataProperties.swift */; };
		F4B117871C7BD4DA00839896 /* Photo.swift in Sources */ = {isa = PBXBuildFile; fileRef = F4B117831C7BD4DA00839896 /* Photo.swift */; };
		F4B1178A1C7C07F500839896 /* PinAnnotation.swift in Sources */ = {isa = PBXBuildFile; fileRef = F4B117891C7C07F400839896 /* PinAnnotation.swift */; };
		F4B1178C1C7C118800839896 /* PhotoViewController.swift in Sources */ = {isa = PBXBuildFile; fileRef = F4B1178B1C7C118800839896 /* PhotoViewController.swift */; };
		F4B1178E1C7C240400839896 /* FlickrClient.swift in Sources */ = {isa = PBXBuildFile; fileRef = F4B1178D1C7C240400839896 /* FlickrClient.swift */; };
		F4B117901C7D440D00839896 /* GCDBlackBox.swift in Sources */ = {isa = PBXBuildFile; fileRef = F4B1178F1C7D440D00839896 /* GCDBlackBox.swift */; };
		F4B117941C7E86FE00839896 /* PhotoViewCell.swift in Sources */ = {isa = PBXBuildFile; fileRef = F4B117931C7E86FE00839896 /* PhotoViewCell.swift */; };
/* End PBXBuildFile section */

/* Begin PBXFileReference section */
		F48B73B31C83CB5B00C726B3 /* pinPhotos_4.xcdatamodel */ = {isa = PBXFileReference; lastKnownFileType = wrapper.xcdatamodel; path = pinPhotos_4.xcdatamodel; sourceTree = "<group>"; };
		F4B117621C7AAE6400839896 /* VirtualTourist.app */ = {isa = PBXFileReference; explicitFileType = wrapper.application; includeInIndex = 0; path = VirtualTourist.app; sourceTree = BUILT_PRODUCTS_DIR; };
		F4B117651C7AAE6400839896 /* AppDelegate.swift */ = {isa = PBXFileReference; lastKnownFileType = sourcecode.swift; path = AppDelegate.swift; sourceTree = "<group>"; };
		F4B117671C7AAE6400839896 /* MapViewController.swift */ = {isa = PBXFileReference; lastKnownFileType = sourcecode.swift; path = MapViewController.swift; sourceTree = "<group>"; };
		F4B1176A1C7AAE6400839896 /* Base */ = {isa = PBXFileReference; lastKnownFileType = file.storyboard; name = Base; path = Base.lproj/Main.storyboard; sourceTree = "<group>"; };
		F4B1176C1C7AAE6400839896 /* Assets.xcassets */ = {isa = PBXFileReference; lastKnownFileType = folder.assetcatalog; path = Assets.xcassets; sourceTree = "<group>"; };
		F4B1176F1C7AAE6400839896 /* Base */ = {isa = PBXFileReference; lastKnownFileType = file.storyboard; name = Base; path = Base.lproj/LaunchScreen.storyboard; sourceTree = "<group>"; };
		F4B117711C7AAE6400839896 /* Info.plist */ = {isa = PBXFileReference; lastKnownFileType = text.plist.xml; path = Info.plist; sourceTree = "<group>"; };
		F4B117771C7AAE7800839896 /* MapKit.framework */ = {isa = PBXFileReference; lastKnownFileType = wrapper.framework; name = MapKit.framework; path = System/Library/Frameworks/MapKit.framework; sourceTree = SDKROOT; };
		F4B1177A1C7BA93C00839896 /* CoreDataStack.swift */ = {isa = PBXFileReference; fileEncoding = 4; lastKnownFileType = sourcecode.swift; path = CoreDataStack.swift; sourceTree = "<group>"; };
		F4B1177E1C7BAC4100839896 /* pinPhotos.xcdatamodel */ = {isa = PBXFileReference; lastKnownFileType = wrapper.xcdatamodel; path = pinPhotos.xcdatamodel; sourceTree = "<group>"; };
		F4B117801C7BD4DA00839896 /* Pin+CoreDataProperties.swift */ = {isa = PBXFileReference; fileEncoding = 4; lastKnownFileType = sourcecode.swift; path = "Pin+CoreDataProperties.swift"; sourceTree = "<group>"; };
		F4B117811C7BD4DA00839896 /* Pin.swift */ = {isa = PBXFileReference; fileEncoding = 4; lastKnownFileType = sourcecode.swift; path = Pin.swift; sourceTree = "<group>"; };
		F4B117821C7BD4DA00839896 /* Photo+CoreDataProperties.swift */ = {isa = PBXFileReference; fileEncoding = 4; lastKnownFileType = sourcecode.swift; path = "Photo+CoreDataProperties.swift"; sourceTree = "<group>"; };
		F4B117831C7BD4DA00839896 /* Photo.swift */ = {isa = PBXFileReference; fileEncoding = 4; lastKnownFileType = sourcecode.swift; path = Photo.swift; sourceTree = "<group>"; };
		F4B117891C7C07F400839896 /* PinAnnotation.swift */ = {isa = PBXFileReference; fileEncoding = 4; lastKnownFileType = sourcecode.swift; path = PinAnnotation.swift; sourceTree = "<group>"; };
		F4B1178B1C7C118800839896 /* PhotoViewController.swift */ = {isa = PBXFileReference; fileEncoding = 4; lastKnownFileType = sourcecode.swift; path = PhotoViewController.swift; sourceTree = "<group>"; };
		F4B1178D1C7C240400839896 /* FlickrClient.swift */ = {isa = PBXFileReference; fileEncoding = 4; lastKnownFileType = sourcecode.swift; path = FlickrClient.swift; sourceTree = "<group>"; };
		F4B1178F1C7D440D00839896 /* GCDBlackBox.swift */ = {isa = PBXFileReference; fileEncoding = 4; lastKnownFileType = sourcecode.swift; path = GCDBlackBox.swift; sourceTree = "<group>"; };
		F4B117911C7D730C00839896 /* pinPhotos_2.xcdatamodel */ = {isa = PBXFileReference; lastKnownFileType = wrapper.xcdatamodel; path = pinPhotos_2.xcdatamodel; sourceTree = "<group>"; };
		F4B117921C7E4DBF00839896 /* pinPhotos_ 3.xcdatamodel */ = {isa = PBXFileReference; lastKnownFileType = wrapper.xcdatamodel; path = "pinPhotos_ 3.xcdatamodel"; sourceTree = "<group>"; };
		F4B117931C7E86FE00839896 /* PhotoViewCell.swift */ = {isa = PBXFileReference; fileEncoding = 4; lastKnownFileType = sourcecode.swift; path = PhotoViewCell.swift; sourceTree = "<group>"; };
/* End PBXFileReference section */

/* Begin PBXFrameworksBuildPhase section */
		F4B1175F1C7AAE6400839896 /* Frameworks */ = {
			isa = PBXFrameworksBuildPhase;
			buildActionMask = 2147483647;
			files = (
				F4B117781C7AAE7800839896 /* MapKit.framework in Frameworks */,
			);
			runOnlyForDeploymentPostprocessing = 0;
		};
/* End PBXFrameworksBuildPhase section */

/* Begin PBXGroup section */
		F4B117591C7AAE6400839896 = {
			isa = PBXGroup;
			children = (
				F4B117881C7C07D100839896 /* Views */,
				F4B1177C1C7BAC2C00839896 /* Model */,
				F4B117791C7BA91700839896 /* API */,
				F4B117771C7AAE7800839896 /* MapKit.framework */,
				F4B117641C7AAE6400839896 /* VirtualTourist */,
				F4B117631C7AAE6400839896 /* Products */,
			);
			sourceTree = "<group>";
		};
		F4B117631C7AAE6400839896 /* Products */ = {
			isa = PBXGroup;
			children = (
				F4B117621C7AAE6400839896 /* VirtualTourist.app */,
			);
			name = Products;
			sourceTree = "<group>";
		};
		F4B117641C7AAE6400839896 /* VirtualTourist */ = {
			isa = PBXGroup;
			children = (
				F4B117651C7AAE6400839896 /* AppDelegate.swift */,
				F4B117671C7AAE6400839896 /* MapViewController.swift */,
				F4B117691C7AAE6400839896 /* Main.storyboard */,
				F4B1176C1C7AAE6400839896 /* Assets.xcassets */,
				F4B1176E1C7AAE6400839896 /* LaunchScreen.storyboard */,
				F4B117711C7AAE6400839896 /* Info.plist */,
				F4B1178B1C7C118800839896 /* PhotoViewController.swift */,
			);
			path = VirtualTourist;
			sourceTree = "<group>";
		};
		F4B117791C7BA91700839896 /* API */ = {
			isa = PBXGroup;
			children = (
				F4B1177A1C7BA93C00839896 /* CoreDataStack.swift */,
				F4B1178D1C7C240400839896 /* FlickrClient.swift */,
				F4B1178F1C7D440D00839896 /* GCDBlackBox.swift */,
			);
			name = API;
			sourceTree = "<group>";
		};
		F4B1177C1C7BAC2C00839896 /* Model */ = {
			isa = PBXGroup;
			children = (
				F4B117801C7BD4DA00839896 /* Pin+CoreDataProperties.swift */,
				F4B117811C7BD4DA00839896 /* Pin.swift */,
				F4B117821C7BD4DA00839896 /* Photo+CoreDataProperties.swift */,
				F4B117831C7BD4DA00839896 /* Photo.swift */,
				F4B1177D1C7BAC4100839896 /* pinPhotos.xcdatamodeld */,
			);
			name = Model;
			sourceTree = "<group>";
		};
		F4B117881C7C07D100839896 /* Views */ = {
			isa = PBXGroup;
			children = (
				F4B117891C7C07F400839896 /* PinAnnotation.swift */,
				F4B117931C7E86FE00839896 /* PhotoViewCell.swift */,
			);
			name = Views;
			sourceTree = "<group>";
		};
/* End PBXGroup section */

/* Begin PBXNativeTarget section */
		F4B117611C7AAE6400839896 /* VirtualTourist */ = {
			isa = PBXNativeTarget;
			buildConfigurationList = F4B117741C7AAE6400839896 /* Build configuration list for PBXNativeTarget "VirtualTourist" */;
			buildPhases = (
				F4B1175E1C7AAE6400839896 /* Sources */,
				F4B1175F1C7AAE6400839896 /* Frameworks */,
				F4B117601C7AAE6400839896 /* Resources */,
			);
			buildRules = (
			);
			dependencies = (
			);
			name = VirtualTourist;
			productName = VirtualTourist;
			productReference = F4B117621C7AAE6400839896 /* VirtualTourist.app */;
			productType = "com.apple.product-type.application";
		};
/* End PBXNativeTarget section */

/* Begin PBXProject section */
		F4B1175A1C7AAE6400839896 /* Project object */ = {
			isa = PBXProject;
			attributes = {
				LastSwiftUpdateCheck = 0720;
				LastUpgradeCheck = 0720;
				ORGANIZATIONNAME = "Marquis Dennis";
				TargetAttributes = {
					F4B117611C7AAE6400839896 = {
						CreatedOnToolsVersion = 7.2.1;
						SystemCapabilities = {
							com.apple.Maps.iOS = {
								enabled = 1;
							};
						};
					};
				};
			};
			buildConfigurationList = F4B1175D1C7AAE6400839896 /* Build configuration list for PBXProject "VirtualTourist" */;
			compatibilityVersion = "Xcode 3.2";
			developmentRegion = English;
			hasScannedForEncodings = 0;
			knownRegions = (
				en,
				Base,
			);
			mainGroup = F4B117591C7AAE6400839896;
			productRefGroup = F4B117631C7AAE6400839896 /* Products */;
			projectDirPath = "";
			projectRoot = "";
			targets = (
				F4B117611C7AAE6400839896 /* VirtualTourist */,
			);
		};
/* End PBXProject section */

/* Begin PBXResourcesBuildPhase section */
		F4B117601C7AAE6400839896 /* Resources */ = {
			isa = PBXResourcesBuildPhase;
			buildActionMask = 2147483647;
			files = (
				F4B117701C7AAE6400839896 /* LaunchScreen.storyboard in Resources */,
				F4B1176D1C7AAE6400839896 /* Assets.xcassets in Resources */,
				F4B1176B1C7AAE6400839896 /* Main.storyboard in Resources */,
			);
			runOnlyForDeploymentPostprocessing = 0;
		};
/* End PBXResourcesBuildPhase section */

/* Begin PBXSourcesBuildPhase section */
		F4B1175E1C7AAE6400839896 /* Sources */ = {
			isa = PBXSourcesBuildPhase;
			buildActionMask = 2147483647;
			files = (
				F4B117871C7BD4DA00839896 /* Photo.swift in Sources */,
				F4B117861C7BD4DA00839896 /* Photo+CoreDataProperties.swift in Sources */,
				F4B117941C7E86FE00839896 /* PhotoViewCell.swift in Sources */,
				F4B1177B1C7BA93C00839896 /* CoreDataStack.swift in Sources */,
				F4B117681C7AAE6400839896 /* MapViewController.swift in Sources */,
				F4B117901C7D440D00839896 /* GCDBlackBox.swift in Sources */,
				F4B1177F1C7BAC4100839896 /* pinPhotos.xcdatamodeld in Sources */,
				F4B117851C7BD4DA00839896 /* Pin.swift in Sources */,
				F4B117841C7BD4DA00839896 /* Pin+CoreDataProperties.swift in Sources */,
				F4B1178A1C7C07F500839896 /* PinAnnotation.swift in Sources */,
				F4B1178E1C7C240400839896 /* FlickrClient.swift in Sources */,
				F4B117661C7AAE6400839896 /* AppDelegate.swift in Sources */,
				F4B1178C1C7C118800839896 /* PhotoViewController.swift in Sources */,
			);
			runOnlyForDeploymentPostprocessing = 0;
		};
/* End PBXSourcesBuildPhase section */

/* Begin PBXVariantGroup section */
		F4B117691C7AAE6400839896 /* Main.storyboard */ = {
			isa = PBXVariantGroup;
			children = (
				F4B1176A1C7AAE6400839896 /* Base */,
			);
			name = Main.storyboard;
			sourceTree = "<group>";
		};
		F4B1176E1C7AAE6400839896 /* LaunchScreen.storyboard */ = {
			isa = PBXVariantGroup;
			children = (
				F4B1176F1C7AAE6400839896 /* Base */,
			);
			name = LaunchScreen.storyboard;
			sourceTree = "<group>";
		};
/* End PBXVariantGroup section */

/* Begin XCBuildConfiguration section */
		F4B117721C7AAE6400839896 /* Debug */ = {
			isa = XCBuildConfiguration;
			buildSettings = {
				ALWAYS_SEARCH_USER_PATHS = NO;
				CLANG_CXX_LANGUAGE_STANDARD = "gnu++0x";
				CLANG_CXX_LIBRARY = "libc++";
				CLANG_ENABLE_MODULES = YES;
				CLANG_ENABLE_OBJC_ARC = YES;
				CLANG_WARN_BOOL_CONVERSION = YES;
				CLANG_WARN_CONSTANT_CONVERSION = YES;
				CLANG_WARN_DIRECT_OBJC_ISA_USAGE = YES_ERROR;
				CLANG_WARN_EMPTY_BODY = YES;
				CLANG_WARN_ENUM_CONVERSION = YES;
				CLANG_WARN_INT_CONVERSION = YES;
				CLANG_WARN_OBJC_ROOT_CLASS = YES_ERROR;
				CLANG_WARN_UNREACHABLE_CODE = YES;
				CLANG_WARN__DUPLICATE_METHOD_MATCH = YES;
				"CODE_SIGN_IDENTITY[sdk=iphoneos*]" = "iPhone Developer";
				COPY_PHASE_STRIP = NO;
				DEBUG_INFORMATION_FORMAT = dwarf;
				ENABLE_STRICT_OBJC_MSGSEND = YES;
				ENABLE_TESTABILITY = YES;
				GCC_C_LANGUAGE_STANDARD = gnu99;
				GCC_DYNAMIC_NO_PIC = NO;
				GCC_NO_COMMON_BLOCKS = YES;
				GCC_OPTIMIZATION_LEVEL = 0;
				GCC_PREPROCESSOR_DEFINITIONS = (
					"DEBUG=1",
					"$(inherited)",
				);
				GCC_WARN_64_TO_32_BIT_CONVERSION = YES;
				GCC_WARN_ABOUT_RETURN_TYPE = YES_ERROR;
				GCC_WARN_UNDECLARED_SELECTOR = YES;
				GCC_WARN_UNINITIALIZED_AUTOS = YES_AGGRESSIVE;
				GCC_WARN_UNUSED_FUNCTION = YES;
				GCC_WARN_UNUSED_VARIABLE = YES;
				IPHONEOS_DEPLOYMENT_TARGET = 9.2;
				MTL_ENABLE_DEBUG_INFO = YES;
				ONLY_ACTIVE_ARCH = YES;
				SDKROOT = iphoneos;
				SWIFT_OPTIMIZATION_LEVEL = "-Onone";
				TARGETED_DEVICE_FAMILY = "1,2";
			};
			name = Debug;
		};
		F4B117731C7AAE6400839896 /* Release */ = {
			isa = XCBuildConfiguration;
			buildSettings = {
				ALWAYS_SEARCH_USER_PATHS = NO;
				CLANG_CXX_LANGUAGE_STANDARD = "gnu++0x";
				CLANG_CXX_LIBRARY = "libc++";
				CLANG_ENABLE_MODULES = YES;
				CLANG_ENABLE_OBJC_ARC = YES;
				CLANG_WARN_BOOL_CONVERSION = YES;
				CLANG_WARN_CONSTANT_CONVERSION = YES;
				CLANG_WARN_DIRECT_OBJC_ISA_USAGE = YES_ERROR;
				CLANG_WARN_EMPTY_BODY = YES;
				CLANG_WARN_ENUM_CONVERSION = YES;
				CLANG_WARN_INT_CONVERSION = YES;
				CLANG_WARN_OBJC_ROOT_CLASS = YES_ERROR;
				CLANG_WARN_UNREACHABLE_CODE = YES;
				CLANG_WARN__DUPLICATE_METHOD_MATCH = YES;
				"CODE_SIGN_IDENTITY[sdk=iphoneos*]" = "iPhone Developer";
				COPY_PHASE_STRIP = NO;
				DEBUG_INFORMATION_FORMAT = "dwarf-with-dsym";
				ENABLE_NS_ASSERTIONS = NO;
				ENABLE_STRICT_OBJC_MSGSEND = YES;
				GCC_C_LANGUAGE_STANDARD = gnu99;
				GCC_NO_COMMON_BLOCKS = YES;
				GCC_WARN_64_TO_32_BIT_CONVERSION = YES;
				GCC_WARN_ABOUT_RETURN_TYPE = YES_ERROR;
				GCC_WARN_UNDECLARED_SELECTOR = YES;
				GCC_WARN_UNINITIALIZED_AUTOS = YES_AGGRESSIVE;
				GCC_WARN_UNUSED_FUNCTION = YES;
				GCC_WARN_UNUSED_VARIABLE = YES;
				IPHONEOS_DEPLOYMENT_TARGET = 9.2;
				MTL_ENABLE_DEBUG_INFO = NO;
				SDKROOT = iphoneos;
				TARGETED_DEVICE_FAMILY = "1,2";
				VALIDATE_PRODUCT = YES;
			};
			name = Release;
		};
		F4B117751C7AAE6400839896 /* Debug */ = {
			isa = XCBuildConfiguration;
			buildSettings = {
				ASSETCATALOG_COMPILER_APPICON_NAME = AppIcon;
				INFOPLIST_FILE = VirtualTourist/Info.plist;
				LD_RUNPATH_SEARCH_PATHS = "$(inherited) @executable_path/Frameworks";
				PRODUCT_BUNDLE_IDENTIFIER = com.flashbolt.VirtualTourist;
				PRODUCT_NAME = "$(TARGET_NAME)";
			};
			name = Debug;
		};
		F4B117761C7AAE6400839896 /* Release */ = {
			isa = XCBuildConfiguration;
			buildSettings = {
				ASSETCATALOG_COMPILER_APPICON_NAME = AppIcon;
				INFOPLIST_FILE = VirtualTourist/Info.plist;
				LD_RUNPATH_SEARCH_PATHS = "$(inherited) @executable_path/Frameworks";
				PRODUCT_BUNDLE_IDENTIFIER = com.flashbolt.VirtualTourist;
				PRODUCT_NAME = "$(TARGET_NAME)";
			};
			name = Release;
		};
/* End XCBuildConfiguration section */

/* Begin XCConfigurationList section */
		F4B1175D1C7AAE6400839896 /* Build configuration list for PBXProject "VirtualTourist" */ = {
			isa = XCConfigurationList;
			buildConfigurations = (
				F4B117721C7AAE6400839896 /* Debug */,
				F4B117731C7AAE6400839896 /* Release */,
			);
			defaultConfigurationIsVisible = 0;
			defaultConfigurationName = Release;
		};
		F4B117741C7AAE6400839896 /* Build configuration list for PBXNativeTarget "VirtualTourist" */ = {
			isa = XCConfigurationList;
			buildConfigurations = (
				F4B117751C7AAE6400839896 /* Debug */,
				F4B117761C7AAE6400839896 /* Release */,
			);
			defaultConfigurationIsVisible = 0;
			defaultConfigurationName = Release;
		};
/* End XCConfigurationList section */

/* Begin XCVersionGroup section */
		F4B1177D1C7BAC4100839896 /* pinPhotos.xcdatamodeld */ = {
			isa = XCVersionGroup;
			children = (
				F48B73B31C83CB5B00C726B3 /* pinPhotos_4.xcdatamodel */,
				F4B117921C7E4DBF00839896 /* pinPhotos_ 3.xcdatamodel */,
				F4B117911C7D730C00839896 /* pinPhotos_2.xcdatamodel */,
				F4B1177E1C7BAC4100839896 /* pinPhotos.xcdatamodel */,
			);
			currentVersion = F48B73B31C83CB5B00C726B3 /* pinPhotos_4.xcdatamodel */;
			path = pinPhotos.xcdatamodeld;
			sourceTree = "<group>";
			versionGroupType = wrapper.xcdatamodel;
		};
/* End XCVersionGroup section */
	};
	rootObject = F4B1175A1C7AAE6400839896 /* Project object */;
}
